
Microsoft Visual Studio Solution File, Format Version 12.00
# Visual Studio 2013
VisualStudioVersion = 12.0.30723.0
MinimumVisualStudioVersion = 10.0.40219.1
Project("{F2A71F9B-5D33-465A-A702-920D77279786}") = "PaketDemo", "PaketDemo\PaketDemo.fsproj", "{969E07CF-EB4B-4EE1-834A-4D4E3A831F87}"
EndProject
Project("{2150E333-8FDC-42A3-9474-1A3956D46DE8}") = "project", "project", "{7425EEB2-D911-40BA-AA6A-950D8BA547F7}"
	ProjectSection(SolutionItems) = preProject
		PaketDemo\paket.dependencies = PaketDemo\paket.dependencies
		PaketDemo\paket.lock = PaketDemo\paket.lock
	EndProjectSection
EndProject
Global
	GlobalSection(SolutionConfigurationPlatforms) = preSolution
		Debug|Any CPU = Debug|Any CPU
		Release|Any CPU = Release|Any CPU
	EndGlobalSection
	GlobalSection(ProjectConfigurationPlatforms) = postSolution
		{969E07CF-EB4B-4EE1-834A-4D4E3A831F87}.Debug|Any CPU.ActiveCfg = Debug|Any CPU
		{969E07CF-EB4B-4EE1-834A-4D4E3A831F87}.Debug|Any CPU.Build.0 = Debug|Any CPU
		{969E07CF-EB4B-4EE1-834A-4D4E3A831F87}.Release|Any CPU.ActiveCfg = Release|Any CPU
		{969E07CF-EB4B-4EE1-834A-4D4E3A831F87}.Release|Any CPU.Build.0 = Release|Any CPU
	EndGlobalSection
	GlobalSection(SolutionProperties) = preSolution
		HideSolutionNode = FALSE
	EndGlobalSection
EndGlobal
